Microsoft Visual Studio Solution File, Format Version 12.00
# Visual Studio Version 16
VisualStudioVersion = 16.0.0.0
MinimumVisualStudioVersion = 16.0.0.0
Project("{9A19103F-16F7-4668-BE54-9A1E7A4F7556}") = "blaze1.Server", "Server\blaze1.Server.csproj", "{7BBEBDFF-75A7-4EFE-AAEB-19D184C1B7F6}"
EndProject
Project("{9A19103F-16F7-4668-BE54-9A1E7A4F7556}") = "blaze1.Client", "Client\blaze1.Client.csproj", "{CE5984A8-B23E-4710-9D6E-86FEABADE6ED}"
EndProject
Project("{9A19103F-16F7-4668-BE54-9A1E7A4F7556}") = "blaze1.Shared", "Shared\blaze1.Shared.csproj", "{CC47A8A7-3FFB-4C55-BF4F-1D2732EBB83D}"
EndProject
Global
	GlobalSection(SolutionConfigurationPlatforms) = preSolution
		Debug|Any CPU = Debug|Any CPU
		Debug|x64 = Debug|x64
		Debug|x86 = Debug|x86
		Release|Any CPU = Release|Any CPU
		Release|x64 = Release|x64
		Release|x86 = Release|x86
	EndGlobalSection
	GlobalSection(ProjectConfigurationPlatforms) = postSolution
		{CE5984A8-B23E-4710-9D6E-86FEABADE6ED}.Debug|Any CPU.ActiveCfg = Debug|Any CPU
		{CE5984A8-B23E-4710-9D6E-86FEABADE6ED}.Debug|Any CPU.Build.0 = Debug|Any CPU
		{CE5984A8-B23E-4710-9D6E-86FEABADE6ED}.Debug|x64.ActiveCfg = Debug|Any CPU
		{CE5984A8-B23E-4710-9D6E-86FEABADE6ED}.Debug|x64.Build.0 = Debug|Any CPU
		{CE5984A8-B23E-4710-9D6E-86FEABADE6ED}.Debug|x86.ActiveCfg = Debug|Any CPU
		{CE5984A8-B23E-4710-9D6E-86FEABADE6ED}.Debug|x86.Build.0 = Debug|Any CPU
		{CE5984A8-B23E-4710-9D6E-86FEABADE6ED}.Release|Any CPU.ActiveCfg = Release|Any CPU
		{CE5984A8-B23E-4710-9D6E-86FEABADE6ED}.Release|Any CPU.Build.0 = Release|Any CPU
		{CE5984A8-B23E-4710-9D6E-86FEABADE6ED}.Release|x64.ActiveCfg = Release|Any CPU
		{CE5984A8-B23E-4710-9D6E-86FEABADE6ED}.Release|x64.Build.0 = Release|Any CPU
		{CE5984A8-B23E-4710-9D6E-86FEABADE6ED}.Release|x86.ActiveCfg = Release|Any CPU
		{CE5984A8-B23E-4710-9D6E-86FEABADE6ED}.Release|x86.Build.0 = Release|Any CPU
		{7BBEBDFF-75A7-4EFE-AAEB-19D184C1B7F6}.Debug|Any CPU.ActiveCfg = Debug|Any CPU
		{7BBEBDFF-75A7-4EFE-AAEB-19D184C1B7F6}.Debug|Any CPU.Build.0 = Debug|Any CPU
		{7BBEBDFF-75A7-4EFE-AAEB-19D184C1B7F6}.Debug|x64.ActiveCfg = Debug|Any CPU
		{7BBEBDFF-75A7-4EFE-AAEB-19D184C1B7F6}.Debug|x64.Build.0 = Debug|Any CPU
		{7BBEBDFF-75A7-4EFE-AAEB-19D184C1B7F6}.Debug|x86.ActiveCfg = Debug|Any CPU
		{7BBEBDFF-75A7-4EFE-AAEB-19D184C1B7F6}.Debug|x86.Build.0 = Debug|Any CPU
		{7BBEBDFF-75A7-4EFE-AAEB-19D184C1B7F6}.Release|Any CPU.ActiveCfg = Release|Any CPU
		{7BBEBDFF-75A7-4EFE-AAEB-19D184C1B7F6}.Release|Any CPU.Build.0 = Release|Any CPU
		{7BBEBDFF-75A7-4EFE-AAEB-19D184C1B7F6}.Release|x64.ActiveCfg = Release|Any CPU
		{7BBEBDFF-75A7-4EFE-AAEB-19D184C1B7F6}.Release|x64.Build.0 = Release|Any CPU
		{7BBEBDFF-75A7-4EFE-AAEB-19D184C1B7F6}.Release|x86.ActiveCfg = Release|Any CPU
		{7BBEBDFF-75A7-4EFE-AAEB-19D184C1B7F6}.Release|x86.Build.0 = Release|Any CPU
		{CC47A8A7-3FFB-4C55-BF4F-1D2732EBB83D}.Debug|Any CPU.ActiveCfg = Debug|Any CPU
		{CC47A8A7-3FFB-4C55-BF4F-1D2732EBB83D}.Debug|Any CPU.Build.0 = Debug|Any CPU
		{CC47A8A7-3FFB-4C55-BF4F-1D2732EBB83D}.Debug|x64.ActiveCfg = Debug|Any CPU
		{CC47A8A7-3FFB-4C55-BF4F-1D2732EBB83D}.Debug|x64.Build.0 = Debug|Any CPU
		{CC47A8A7-3FFB-4C55-BF4F-1D2732EBB83D}.Debug|x86.ActiveCfg = Debug|Any CPU
		{CC47A8A7-3FFB-4C55-BF4F-1D2732EBB83D}.Debug|x86.Build.0 = Debug|Any CPU
		{CC47A8A7-3FFB-4C55-BF4F-1D2732EBB83D}.Release|Any CPU.ActiveCfg = Release|Any CPU
		{CC47A8A7-3FFB-4C55-BF4F-1D2732EBB83D}.Release|Any CPU.Build.0 = Release|Any CPU
		{CC47A8A7-3FFB-4C55-BF4F-1D2732EBB83D}.Release|x64.ActiveCfg = Release|Any CPU
		{CC47A8A7-3FFB-4C55-BF4F-1D2732EBB83D}.Release|x64.Build.0 = Release|Any CPU
		{CC47A8A7-3FFB-4C55-BF4F-1D2732EBB83D}.Release|x86.ActiveCfg = Release|Any CPU
		{CC47A8A7-3FFB-4C55-BF4F-1D2732EBB83D}.Release|x86.Build.0 = Release|Any CPU
	EndGlobalSection
	GlobalSection(SolutionProperties) = preSolution
		HideSolutionNode = FALSE
	EndGlobalSection
	GlobalSection(ExtensibilityGlobals) = postSolution
		SolutionGuid = {DF45A713-B398-4C56-93F1-7DF8758A83FD}
	EndGlobalSection
EndGlobal